
Microsoft Visual Studio Solution File, Format Version 12.00
# Visual Studio 15
VisualStudioVersion = 15.0.27428.2011
MinimumVisualStudioVersion = 10.0.40219.1
Project("{9A19103F-16F7-4668-BE54-9A1E7A4F7556}") = "auth-web", "auth-web\auth-web.csproj", "{A0D258D1-373C-44F4-A0C9-466F6A3A24F7}"
EndProject
Project("{2150E333-8FDC-42A3-9474-1A3956D46DE8}") = "Solution Items", "Solution Items", "{16E8273F-B469-431A-8C71-845CADC4312F}"
	ProjectSection(SolutionItems) = preProject
		.gitignore = .gitignore
	EndProjectSection
EndProject
Global
	GlobalSection(SolutionConfigurationPlatforms) = preSolution
		Debug|Any CPU = Debug|Any CPU
		Release|Any CPU = Release|Any CPU
	EndGlobalSection
	GlobalSection(ProjectConfigurationPlatforms) = postSolution
		{A0D258D1-373C-44F4-A0C9-466F6A3A24F7}.Debug|Any CPU.ActiveCfg = Debug|Any CPU
		{A0D258D1-373C-44F4-A0C9-466F6A3A24F7}.Debug|Any CPU.Build.0 = Debug|Any CPU
		{A0D258D1-373C-44F4-A0C9-466F6A3A24F7}.Release|Any CPU.ActiveCfg = Release|Any CPU
		{A0D258D1-373C-44F4-A0C9-466F6A3A24F7}.Release|Any CPU.Build.0 = Release|Any CPU
	EndGlobalSection
	GlobalSection(SolutionProperties) = preSolution
		HideSolutionNode = FALSE
	EndGlobalSection
	GlobalSection(ExtensibilityGlobals) = postSolution
		SolutionGuid = {DEEFB979-C20B-4274-887E-048DB19D3047}
	EndGlobalSection
EndGlobal
